// !$*UTF8*$!
{
	archiveVersion = 1;
	classes = {
	};
	objectVersion = 46;
	objects = {

/* Begin PBXBuildFile section */
		F042DAA61FBC10CB0023BC21 /* AppDelegate.swift in Sources */ = {isa = PBXBuildFile; fileRef = F042DAA51FBC10CB0023BC21 /* AppDelegate.swift */; };
		F042DAA81FBC10CB0023BC21 /* ViewController.swift in Sources */ = {isa = PBXBuildFile; fileRef = F042DAA71FBC10CB0023BC21 /* ViewController.swift */; };
		F042DAAB1FBC10CB0023BC21 /* Main.storyboard in Resources */ = {isa = PBXBuildFile; fileRef = F042DAA91FBC10CB0023BC21 /* Main.storyboard */; };
		F042DAAD1FBC10CB0023BC21 /* Assets.xcassets in Resources */ = {isa = PBXBuildFile; fileRef = F042DAAC1FBC10CB0023BC21 /* Assets.xcassets */; };
		F042DAB01FBC10CB0023BC21 /* LaunchScreen.storyboard in Resources */ = {isa = PBXBuildFile; fileRef = F042DAAE1FBC10CB0023BC21 /* LaunchScreen.storyboard */; };
		F042DAB81FBC12450023BC21 /* secondVc.swift in Sources */ = {isa = PBXBuildFile; fileRef = F042DAB71FBC12450023BC21 /* secondVc.swift */; };
/* End PBXBuildFile section */

/* Begin PBXFileReference section */
		F042DAA21FBC10CB0023BC21 /* delegatePractice.app */ = {isa = PBXFileReference; explicitFileType = wrapper.application; includeInIndex = 0; path = delegatePractice.app; sourceTree = BUILT_PRODUCTS_DIR; };
		F042DAA51FBC10CB0023BC21 /* AppDelegate.swift */ = {isa = PBXFileReference; lastKnownFileType = sourcecode.swift; path = AppDelegate.swift; sourceTree = "<group>"; };
		F042DAA71FBC10CB0023BC21 /* ViewController.swift */ = {isa = PBXFileReference; lastKnownFileType = sourcecode.swift; path = ViewController.swift; sourceTree = "<group>"; };
		F042DAAA1FBC10CB0023BC21 /* Base */ = {isa = PBXFileReference; lastKnownFileType = file.storyboard; name = Base; path = Base.lproj/Main.storyboard; sourceTree = "<group>"; };
		F042DAAC1FBC10CB0023BC21 /* Assets.xcassets */ = {isa = PBXFileReference; lastKnownFileType = folder.assetcatalog; path = Assets.xcassets; sourceTree = "<group>"; };
		F042DAAF1FBC10CB0023BC21 /* Base */ = {isa = PBXFileReference; lastKnownFileType = file.storyboard; name = Base; path = Base.lproj/LaunchScreen.storyboard; sourceTree = "<group>"; };
		F042DAB11FBC10CB0023BC21 /* Info.plist */ = {isa = PBXFileReference; lastKnownFileType = text.plist.xml; path = Info.plist; sourceTree = "<group>"; };
		F042DAB71FBC12450023BC21 /* secondVc.swift */ = {isa = PBXFileReference; fileEncoding = 4; lastKnownFileType = sourcecode.swift; path = secondVc.swift; sourceTree = "<group>"; };
/* End PBXFileReference section */

/* Begin PBXFrameworksBuildPhase section */
		F042DA9F1FBC10CB0023BC21 /* Frameworks */ = {
			isa = PBXFrameworksBuildPhase;
			buildActionMask = 2147483647;
			files = (
			);
			runOnlyForDeploymentPostprocessing = 0;
		};
/* End PBXFrameworksBuildPhase section */

/* Begin PBXGroup section */
		F042DA991FBC10CA0023BC21 = {
			isa = PBXGroup;
			children = (
				F042DAA41FBC10CB0023BC21 /* delegatePractice */,
				F042DAA31FBC10CB0023BC21 /* Products */,
			);
			sourceTree = "<group>";
		};
		F042DAA31FBC10CB0023BC21 /* Products */ = {
			isa = PBXGroup;
			children = (
				F042DAA21FBC10CB0023BC21 /* delegatePractice.app */,
			);
			name = Products;
			sourceTree = "<group>";
		};
		F042DAA41FBC10CB0023BC21 /* delegatePractice */ = {
			isa = PBXGroup;
			children = (
				F042DAA51FBC10CB0023BC21 /* AppDelegate.swift */,
				F042DAA71FBC10CB0023BC21 /* ViewController.swift */,
				F042DAA91FBC10CB0023BC21 /* Main.storyboard */,
				F042DAAC1FBC10CB0023BC21 /* Assets.xcassets */,
				F042DAAE1FBC10CB0023BC21 /* LaunchScreen.storyboard */,
				F042DAB11FBC10CB0023BC21 /* Info.plist */,
				F042DAB71FBC12450023BC21 /* secondVc.swift */,
			);
			path = delegatePractice;
			sourceTree = "<group>";
		};
/* End PBXGroup section */

/* Begin PBXNativeTarget section */
		F042DAA11FBC10CB0023BC21 /* delegatePractice */ = {
			isa = PBXNativeTarget;
			buildConfigurationList = F042DAB41FBC10CB0023BC21 /* Build configuration list for PBXNativeTarget "delegatePractice" */;
			buildPhases = (
				F042DA9E1FBC10CB0023BC21 /* Sources */,
				F042DA9F1FBC10CB0023BC21 /* Frameworks */,
				F042DAA01FBC10CB0023BC21 /* Resources */,
			);
			buildRules = (
			);
			dependencies = (
			);
			name = delegatePractice;
			productName = delegatePractice;
			productReference = F042DAA21FBC10CB0023BC21 /* delegatePractice.app */;
			productType = "com.apple.product-type.application";
		};
/* End PBXNativeTarget section */

/* Begin PBXProject section */
		F042DA9A1FBC10CA0023BC21 /* Project object */ = {
			isa = PBXProject;
			attributes = {
				LastSwiftUpdateCheck = 0830;
				LastUpgradeCheck = 0830;
				ORGANIZATIONNAME = "Globesoft Academy";
				TargetAttributes = {
					F042DAA11FBC10CB0023BC21 = {
						CreatedOnToolsVersion = 8.3.3;
						ProvisioningStyle = Automatic;
					};
				};
			};
			buildConfigurationList = F042DA9D1FBC10CA0023BC21 /* Build configuration list for PBXProject "delegatePractice" */;
			compatibilityVersion = "Xcode 3.2";
			developmentRegion = English;
			hasScannedForEncodings = 0;
			knownRegions = (
				en,
				Base,
			);
			mainGroup = F042DA991FBC10CA0023BC21;
			productRefGroup = F042DAA31FBC10CB0023BC21 /* Products */;
			projectDirPath = "";
			projectRoot = "";
			targets = (
				F042DAA11FBC10CB0023BC21 /* delegatePractice */,
			);
		};
/* End PBXProject section */

/* Begin PBXResourcesBuildPhase section */
		F042DAA01FBC10CB0023BC21 /* Resources */ = {
			isa = PBXResourcesBuildPhase;
			buildActionMask = 2147483647;
			files = (
				F042DAB01FBC10CB0023BC21 /* LaunchScreen.storyboard in Resources */,
				F042DAAD1FBC10CB0023BC21 /* Assets.xcassets in Resources */,
				F042DAAB1FBC10CB0023BC21 /* Main.storyboard in Resources */,
			);
			runOnlyForDeploymentPostprocessing = 0;
		};
/* End PBXResourcesBuildPhase section */

/* Begin PBXSourcesBuildPhase section */
		F042DA9E1FBC10CB0023BC21 /* Sources */ = {
			isa = PBXSourcesBuildPhase;
			buildActionMask = 2147483647;
			files = (
				F042DAB81FBC12450023BC21 /* secondVc.swift in Sources */,
				F042DAA81FBC10CB0023BC21 /* ViewController.swift in Sources */,
				F042DAA61FBC10CB0023BC21 /* AppDelegate.swift in Sources */,
			);
			runOnlyForDeploymentPostprocessing = 0;
		};
/* End PBXSourcesBuildPhase section */

/* Begin PBXVariantGroup section */
		F042DAA91FBC10CB0023BC21 /* Main.storyboard */ = {
			isa = PBXVariantGroup;
			children = (
				F042DAAA1FBC10CB0023BC21 /* Base */,
			);
			name = Main.storyboard;
			sourceTree = "<group>";
		};
		F042DAAE1FBC10CB0023BC21 /* LaunchScreen.storyboard */ = {
			isa = PBXVariantGroup;
			children = (
				F042DAAF1FBC10CB0023BC21 /* Base */,
			);
			name = LaunchScreen.storyboard;
			sourceTree = "<group>";
		};
/* End PBXVariantGroup section */

/* Begin XCBuildConfiguration section */
		F042DAB21FBC10CB0023BC21 /* Debug */ = {
			isa = XCBuildConfiguration;
			buildSettings = {
				ALWAYS_SEARCH_USER_PATHS = NO;
				CLANG_ANALYZER_NONNULL = YES;
				CLANG_ANALYZER_NUMBER_OBJECT_CONVERSION = YES_AGGRESSIVE;
				CLANG_CXX_LANGUAGE_STANDARD = "gnu++0x";
				CLANG_CXX_LIBRARY = "libc++";
				CLANG_ENABLE_MODULES = YES;
				CLANG_ENABLE_OBJC_ARC = YES;
				CLANG_WARN_BOOL_CONVERSION = YES;
				CLANG_WARN_CONSTANT_CONVERSION = YES;
				CLANG_WARN_DIRECT_OBJC_ISA_USAGE = YES_ERROR;
				CLANG_WARN_DOCUMENTATION_COMMENTS = YES;
				CLANG_WARN_EMPTY_BODY = YES;
				CLANG_WARN_ENUM_CONVERSION = YES;
				CLANG_WARN_INFINITE_RECURSION = YES;
				CLANG_WARN_INT_CONVERSION = YES;
				CLANG_WARN_OBJC_ROOT_CLASS = YES_ERROR;
				CLANG_WARN_SUSPICIOUS_MOVE = YES;
				CLANG_WARN_UNREACHABLE_CODE = YES;
				CLANG_WARN__DUPLICATE_METHOD_MATCH = YES;
				"CODE_SIGN_IDENTITY[sdk=iphoneos*]" = "iPhone Developer";
				COPY_PHASE_STRIP = NO;
				DEBUG_INFORMATION_FORMAT = dwarf;
				ENABLE_STRICT_OBJC_MSGSEND = YES;
				ENABLE_TESTABILITY = YES;
				GCC_C_LANGUAGE_STANDARD = gnu99;
				GCC_DYNAMIC_NO_PIC = NO;
				GCC_NO_COMMON_BLOCKS = YES;
				GCC_OPTIMIZATION_LEVEL = 0;
				GCC_PREPROCESSOR_DEFINITIONS = (
					"DEBUG=1",
					"$(inherited)",
				);
				GCC_WARN_64_TO_32_BIT_CONVERSION = YES;
				GCC_WARN_ABOUT_RETURN_TYPE = YES_ERROR;
				GCC_WARN_UNDECLARED_SELECTOR = YES;
				GCC_WARN_UNINITIALIZED_AUTOS = YES_AGGRESSIVE;
				GCC_WARN_UNUSED_FUNCTION = YES;
				GCC_WARN_UNUSED_VARIABLE = YES;
				IPHONEOS_DEPLOYMENT_TARGET = 10.3;
				MTL_ENABLE_DEBUG_INFO = YES;
				ONLY_ACTIVE_ARCH = YES;
				SDKROOT = iphoneos;
				SWIFT_ACTIVE_COMPILATION_CONDITIONS = DEBUG;
				SWIFT_OPTIMIZATION_LEVEL = "-Onone";
				TARGETED_DEVICE_FAMILY = "1,2";
			};
			name = Debug;
		};
		F042DAB31FBC10CB0023BC21 /* Release */ = {
			isa = XCBuildConfiguration;
			buildSettings = {
				ALWAYS_SEARCH_USER_PATHS = NO;
				CLANG_ANALYZER_NONNULL = YES;
				CLANG_ANALYZER_NUMBER_OBJECT_CONVERSION = YES_AGGRESSIVE;
				CLANG_CXX_LANGUAGE_STANDARD = "gnu++0x";
				CLANG_CXX_LIBRARY = "libc++";
				CLANG_ENABLE_MODULES = YES;
				CLANG_ENABLE_OBJC_ARC = YES;
				CLANG_WARN_BOOL_CONVERSION = YES;
				CLANG_WARN_CONSTANT_CONVERSION = YES;
				CLANG_WARN_DIRECT_OBJC_ISA_USAGE = YES_ERROR;
				CLANG_WARN_DOCUMENTATION_COMMENTS = YES;
				CLANG_WARN_EMPTY_BODY = YES;
				CLANG_WARN_ENUM_CONVERSION = YES;
				CLANG_WARN_INFINITE_RECURSION = YES;
				CLANG_WARN_INT_CONVERSION = YES;
				CLANG_WARN_OBJC_ROOT_CLASS = YES_ERROR;
				CLANG_WARN_SUSPICIOUS_MOVE = YES;
				CLANG_WARN_UNREACHABLE_CODE = YES;
				CLANG_WARN__DUPLICATE_METHOD_MATCH = YES;
				"CODE_SIGN_IDENTITY[sdk=iphoneos*]" = "iPhone Developer";
				COPY_PHASE_STRIP = NO;
				DEBUG_INFORMATION_FORMAT = "dwarf-with-dsym";
				ENABLE_NS_ASSERTIONS = NO;
				ENABLE_STRICT_OBJC_MSGSEND = YES;
				GCC_C_LANGUAGE_STANDARD = gnu99;
				GCC_NO_COMMON_BLOCKS = YES;
				GCC_WARN_64_TO_32_BIT_CONVERSION = YES;
				GCC_WARN_ABOUT_RETURN_TYPE = YES_ERROR;
				GCC_WARN_UNDECLARED_SELECTOR = YES;
				GCC_WARN_UNINITIALIZED_AUTOS = YES_AGGRESSIVE;
				GCC_WARN_UNUSED_FUNCTION = YES;
				GCC_WARN_UNUSED_VARIABLE = YES;
				IPHONEOS_DEPLOYMENT_TARGET = 10.3;
				MTL_ENABLE_DEBUG_INFO = NO;
				SDKROOT = iphoneos;
				SWIFT_OPTIMIZATION_LEVEL = "-Owholemodule";
				TARGETED_DEVICE_FAMILY = "1,2";
				VALIDATE_PRODUCT = YES;
			};
			name = Release;
		};
		F042DAB51FBC10CB0023BC21 /* Debug */ = {
			isa = XCBuildConfiguration;
			buildSettings = {
				ASSETCATALOG_COMPILER_APPICON_NAME = AppIcon;
				INFOPLIST_FILE = delegatePractice/Info.plist;
				LD_RUNPATH_SEARCH_PATHS = "$(inherited) @executable_path/Frameworks";
				PRODUCT_BUNDLE_IDENTIFIER = com.project.delegatePractice;
				PRODUCT_NAME = "$(TARGET_NAME)";
				SWIFT_VERSION = 3.0;
			};
			name = Debug;
		};
		F042DAB61FBC10CB0023BC21 /* Release */ = {
			isa = XCBuildConfiguration;
			buildSettings = {
				ASSETCATALOG_COMPILER_APPICON_NAME = AppIcon;
				INFOPLIST_FILE = delegatePractice/Info.plist;
				LD_RUNPATH_SEARCH_PATHS = "$(inherited) @executable_path/Frameworks";
				PRODUCT_BUNDLE_IDENTIFIER = com.project.delegatePractice;
				PRODUCT_NAME = "$(TARGET_NAME)";
				SWIFT_VERSION = 3.0;
			};
			name = Release;
		};
/* End XCBuildConfiguration section */

/* Begin XCConfigurationList section */
		F042DA9D1FBC10CA0023BC21 /* Build configuration list for PBXProject "delegatePractice" */ = {
			isa = XCConfigurationList;
			buildConfigurations = (
				F042DAB21FBC10CB0023BC21 /* Debug */,
				F042DAB31FBC10CB0023BC21 /* Release */,
			);
			defaultConfigurationIsVisible = 0;
			defaultConfigurationName = Release;
		};
		F042DAB41FBC10CB0023BC21 /* Build configuration list for PBXNativeTarget "delegatePractice" */ = {
			isa = XCConfigurationList;
			buildConfigurations = (
				F042DAB51FBC10CB0023BC21 /* Debug */,
				F042DAB61FBC10CB0023BC21 /* Release */,
			);
			defaultConfigurationIsVisible = 0;
		};
/* End XCConfigurationList section */
	};
	rootObject = F042DA9A1FBC10CA0023BC21 /* Project object */;
}
